{
  "name": "excali-builder-layout-runtime",
  "version": "1.0.0",
  "lockfileVersion": 3,
  "requires": true,
  "packages": {
    "": {
      "name": "excali-builder-layout-runtime",
      "version": "1.0.0",
      "dependencies": {
        "elkjs": "0.12.0"
      }
    },
    "node_modules/elkjs": {
      "version": "0.12.0",
      "resolved": "https://registry.npmjs.org/elkjs/-/elkjs-0.12.0.tgz",
      "integrity": "sha512-YZcKynxVxYoKIOEpywEPwCFdg+BTbxQRNf3pbwdDCvc8O3kQD8bmIwSxKU1eOTVc4Xo+VG9Te+575mlfvOrhEQ==",
      "license": "EPL-2.0 OR GPL-3.0-or-later"
    }
  }
}
